
Microsoft Visual Studio Solution File, Format Version 12.00
# Visual Studio Version 16
VisualStudioVersion = 16.0.30523.141
MinimumVisualStudioVersion = 10.0.40219.1
Project("{FAE04EC0-301F-11D3-BF4B-00C04F79EFBC}") = "SberCloud", "SberCloud\SberCloud.csproj", "{EE323756-8C12-49F9-8F3C-3B5BBD8FB415}"
EndProject
Global
	GlobalSection(SolutionConfigurationPlatforms) = preSolution
		Debug|Any CPU = Debug|Any CPU
		Release|Any CPU = Release|Any CPU
	EndGlobalSection
	GlobalSection(ProjectConfigurationPlatforms) = postSolution
		{EE323756-8C12-49F9-8F3C-3B5BBD8FB415}.Debug|Any CPU.ActiveCfg = Debug|Any CPU
		{EE323756-8C12-49F9-8F3C-3B5BBD8FB415}.Debug|Any CPU.Build.0 = Debug|Any CPU
		{EE323756-8C12-49F9-8F3C-3B5BBD8FB415}.Release|Any CPU.ActiveCfg = Release|Any CPU
		{EE323756-8C12-49F9-8F3C-3B5BBD8FB415}.Release|Any CPU.Build.0 = Release|Any CPU
	EndGlobalSection
	GlobalSection(SolutionProperties) = preSolution
		HideSolutionNode = FALSE
	EndGlobalSection
	GlobalSection(ExtensibilityGlobals) = postSolution
		SolutionGuid = {19CF3D1B-3C56-4964-81F7-63DA8F3F0F96}
	EndGlobalSection
EndGlobal
